
Microsoft Visual Studio Solution File, Format Version 12.00
# Visual Studio 15
VisualStudioVersion = 15.0.27703.2035
MinimumVisualStudioVersion = 10.0.40219.1
Project("{FAE04EC0-301F-11D3-BF4B-00C04F79EFBC}") = "UDT.Web", "UDT.Web\UDT.Web.csproj", "{28E6947A-DBF6-49EE-A47B-34EB43B2A8BC}"
EndProject
Global
	GlobalSection(SolutionConfigurationPlatforms) = preSolution
		Debug|Any CPU = Debug|Any CPU
		Release|Any CPU = Release|Any CPU
	EndGlobalSection
	GlobalSection(ProjectConfigurationPlatforms) = postSolution
		{28E6947A-DBF6-49EE-A47B-34EB43B2A8BC}.Debug|Any CPU.ActiveCfg = Debug|Any CPU
		{28E6947A-DBF6-49EE-A47B-34EB43B2A8BC}.Debug|Any CPU.Build.0 = Debug|Any CPU
		{28E6947A-DBF6-49EE-A47B-34EB43B2A8BC}.Release|Any CPU.ActiveCfg = Release|Any CPU
		{28E6947A-DBF6-49EE-A47B-34EB43B2A8BC}.Release|Any CPU.Build.0 = Release|Any CPU
	EndGlobalSection
	GlobalSection(SolutionProperties) = preSolution
		HideSolutionNode = FALSE
	EndGlobalSection
	GlobalSection(ExtensibilityGlobals) = postSolution
		SolutionGuid = {FD2D7A70-D836-4832-AEFA-A93990AA2691}
	EndGlobalSection
EndGlobal
